
Microsoft Visual Studio Solution File, Format Version 12.00
# Visual Studio 15
VisualStudioVersion = 15.0.27130.2010
MinimumVisualStudioVersion = 10.0.40219.1
Project("{FAE04EC0-301F-11D3-BF4B-00C04F79EFBC}") = "PGCafeFramework", "PGCafeFramework\PGCafeFramework.csproj", "{F963BB35-F41F-497B-A34C-36E862304BC5}"
EndProject
Project("{FAE04EC0-301F-11D3-BF4B-00C04F79EFBC}") = "WinFormTest", "WinFormTest\WinFormTest.csproj", "{DE916C8D-311E-431B-8D28-9D9371A71602}"
EndProject
Project("{FAE04EC0-301F-11D3-BF4B-00C04F79EFBC}") = "Nuget.PGCafeFramework", "Nuget.PGCafeFramework\Nuget.PGCafeFramework.csproj", "{0451BAEF-DF2E-4B98-8644-94EE9415E389}"
EndProject
Project("{FAE04EC0-301F-11D3-BF4B-00C04F79EFBC}") = "PGCafeFrameworkTests", "PGCafeFrameworkTests\PGCafeFrameworkTests.csproj", "{B0EA91B8-F121-40A4-9C7E-A80B5A9A03FE}"
EndProject
Global
	GlobalSection(SolutionConfigurationPlatforms) = preSolution
		Debug|Any CPU = Debug|Any CPU
		Debug|x64 = Debug|x64
		Debug|x86 = Debug|x86
		Nuget.PGCafeFramework.Publish|Any CPU = Nuget.PGCafeFramework.Publish|Any CPU
		Nuget.PGCafeFramework.Publish|x64 = Nuget.PGCafeFramework.Publish|x64
		Nuget.PGCafeFramework.Publish|x86 = Nuget.PGCafeFramework.Publish|x86
		Release net40|Any CPU = Release net40|Any CPU
		Release net40|x64 = Release net40|x64
		Release net40|x86 = Release net40|x86
		Release net45|Any CPU = Release net45|Any CPU
		Release net45|x64 = Release net45|x64
		Release net45|x86 = Release net45|x86
	EndGlobalSection
	GlobalSection(ProjectConfigurationPlatforms) = postSolution
		{F963BB35-F41F-497B-A34C-36E862304BC5}.Debug|Any CPU.ActiveCfg = Debug|Any CPU
		{F963BB35-F41F-497B-A34C-36E862304BC5}.Debug|Any CPU.Build.0 = Debug|Any CPU
		{F963BB35-F41F-497B-A34C-36E862304BC5}.Debug|x64.ActiveCfg = Debug|Any CPU
		{F963BB35-F41F-497B-A34C-36E862304BC5}.Debug|x64.Build.0 = Debug|Any CPU
		{F963BB35-F41F-497B-A34C-36E862304BC5}.Debug|x86.ActiveCfg = Debug|Any CPU
		{F963BB35-F41F-497B-A34C-36E862304BC5}.Debug|x86.Build.0 = Debug|Any CPU
		{F963BB35-F41F-497B-A34C-36E862304BC5}.Nuget.PGCafeFramework.Publish|Any CPU.ActiveCfg = Release net45|Any CPU
		{F963BB35-F41F-497B-A34C-36E862304BC5}.Nuget.PGCafeFramework.Publish|Any CPU.Build.0 = Release net45|Any CPU
		{F963BB35-F41F-497B-A34C-36E862304BC5}.Nuget.PGCafeFramework.Publish|x64.ActiveCfg = Release net45|Any CPU
		{F963BB35-F41F-497B-A34C-36E862304BC5}.Nuget.PGCafeFramework.Publish|x64.Build.0 = Release net45|Any CPU
		{F963BB35-F41F-497B-A34C-36E862304BC5}.Nuget.PGCafeFramework.Publish|x86.ActiveCfg = Release net45|x86
		{F963BB35-F41F-497B-A34C-36E862304BC5}.Nuget.PGCafeFramework.Publish|x86.Build.0 = Release net45|x86
		{F963BB35-F41F-497B-A34C-36E862304BC5}.Release net40|Any CPU.ActiveCfg = Release net40|Any CPU
		{F963BB35-F41F-497B-A34C-36E862304BC5}.Release net40|Any CPU.Build.0 = Release net40|Any CPU
		{F963BB35-F41F-497B-A34C-36E862304BC5}.Release net40|x64.ActiveCfg = Release net40|Any CPU
		{F963BB35-F41F-497B-A34C-36E862304BC5}.Release net40|x64.Build.0 = Release net40|Any CPU
		{F963BB35-F41F-497B-A34C-36E862304BC5}.Release net40|x86.ActiveCfg = Release net40|x86
		{F963BB35-F41F-497B-A34C-36E862304BC5}.Release net40|x86.Build.0 = Release net40|x86
		{F963BB35-F41F-497B-A34C-36E862304BC5}.Release net45|Any CPU.ActiveCfg = Release net45|Any CPU
		{F963BB35-F41F-497B-A34C-36E862304BC5}.Release net45|Any CPU.Build.0 = Release net45|Any CPU
		{F963BB35-F41F-497B-A34C-36E862304BC5}.Release net45|x64.ActiveCfg = Release net45|Any CPU
		{F963BB35-F41F-497B-A34C-36E862304BC5}.Release net45|x64.Build.0 = Release net45|Any CPU
		{F963BB35-F41F-497B-A34C-36E862304BC5}.Release net45|x86.ActiveCfg = Release net45|x86
		{F963BB35-F41F-497B-A34C-36E862304BC5}.Release net45|x86.Build.0 = Release net45|x86
		{DE916C8D-311E-431B-8D28-9D9371A71602}.Debug|Any CPU.ActiveCfg = Debug|Any CPU
		{DE916C8D-311E-431B-8D28-9D9371A71602}.Debug|Any CPU.Build.0 = Debug|Any CPU
		{DE916C8D-311E-431B-8D28-9D9371A71602}.Debug|x64.ActiveCfg = Debug|x64
		{DE916C8D-311E-431B-8D28-9D9371A71602}.Debug|x64.Build.0 = Debug|x64
		{DE916C8D-311E-431B-8D28-9D9371A71602}.Debug|x86.ActiveCfg = Debug|x86
		{DE916C8D-311E-431B-8D28-9D9371A71602}.Debug|x86.Build.0 = Debug|x86
		{DE916C8D-311E-431B-8D28-9D9371A71602}.Nuget.PGCafeFramework.Publish|Any CPU.ActiveCfg = Release|Any CPU
		{DE916C8D-311E-431B-8D28-9D9371A71602}.Nuget.PGCafeFramework.Publish|x64.ActiveCfg = Release|x64
		{DE916C8D-311E-431B-8D28-9D9371A71602}.Nuget.PGCafeFramework.Publish|x64.Build.0 = Release|x64
		{DE916C8D-311E-431B-8D28-9D9371A71602}.Nuget.PGCafeFramework.Publish|x86.ActiveCfg = Release|x86
		{DE916C8D-311E-431B-8D28-9D9371A71602}.Nuget.PGCafeFramework.Publish|x86.Build.0 = Release|x86
		{DE916C8D-311E-431B-8D28-9D9371A71602}.Release net40|Any CPU.ActiveCfg = Release|Any CPU
		{DE916C8D-311E-431B-8D28-9D9371A71602}.Release net40|x64.ActiveCfg = Release|x64
		{DE916C8D-311E-431B-8D28-9D9371A71602}.Release net40|x64.Build.0 = Release|x64
		{DE916C8D-311E-431B-8D28-9D9371A71602}.Release net40|x86.ActiveCfg = Release|x86
		{DE916C8D-311E-431B-8D28-9D9371A71602}.Release net40|x86.Build.0 = Release|x86
		{DE916C8D-311E-431B-8D28-9D9371A71602}.Release net45|Any CPU.ActiveCfg = Release|Any CPU
		{DE916C8D-311E-431B-8D28-9D9371A71602}.Release net45|x64.ActiveCfg = Release|x64
		{DE916C8D-311E-431B-8D28-9D9371A71602}.Release net45|x64.Build.0 = Release|x64
		{DE916C8D-311E-431B-8D28-9D9371A71602}.Release net45|x86.ActiveCfg = Release|x86
		{DE916C8D-311E-431B-8D28-9D9371A71602}.Release net45|x86.Build.0 = Release|x86
		{0451BAEF-DF2E-4B98-8644-94EE9415E389}.Debug|Any CPU.ActiveCfg = Debug|Any CPU
		{0451BAEF-DF2E-4B98-8644-94EE9415E389}.Debug|x64.ActiveCfg = Debug|Any CPU
		{0451BAEF-DF2E-4B98-8644-94EE9415E389}.Debug|x64.Build.0 = Debug|Any CPU
		{0451BAEF-DF2E-4B98-8644-94EE9415E389}.Debug|x86.ActiveCfg = Debug|Any CPU
		{0451BAEF-DF2E-4B98-8644-94EE9415E389}.Debug|x86.Build.0 = Debug|Any CPU
		{0451BAEF-DF2E-4B98-8644-94EE9415E389}.Nuget.PGCafeFramework.Publish|Any CPU.ActiveCfg = Release|Any CPU
		{0451BAEF-DF2E-4B98-8644-94EE9415E389}.Nuget.PGCafeFramework.Publish|Any CPU.Build.0 = Release|Any CPU
		{0451BAEF-DF2E-4B98-8644-94EE9415E389}.Nuget.PGCafeFramework.Publish|x64.ActiveCfg = Release|Any CPU
		{0451BAEF-DF2E-4B98-8644-94EE9415E389}.Nuget.PGCafeFramework.Publish|x64.Build.0 = Release|Any CPU
		{0451BAEF-DF2E-4B98-8644-94EE9415E389}.Nuget.PGCafeFramework.Publish|x86.ActiveCfg = Release|Any CPU
		{0451BAEF-DF2E-4B98-8644-94EE9415E389}.Nuget.PGCafeFramework.Publish|x86.Build.0 = Release|Any CPU
		{0451BAEF-DF2E-4B98-8644-94EE9415E389}.Release net40|Any CPU.ActiveCfg = Release|Any CPU
		{0451BAEF-DF2E-4B98-8644-94EE9415E389}.Release net40|x64.ActiveCfg = Release|Any CPU
		{0451BAEF-DF2E-4B98-8644-94EE9415E389}.Release net40|x64.Build.0 = Release|Any CPU
		{0451BAEF-DF2E-4B98-8644-94EE9415E389}.Release net40|x86.ActiveCfg = Release|Any CPU
		{0451BAEF-DF2E-4B98-8644-94EE9415E389}.Release net40|x86.Build.0 = Release|Any CPU
		{0451BAEF-DF2E-4B98-8644-94EE9415E389}.Release net45|Any CPU.ActiveCfg = Release|Any CPU
		{0451BAEF-DF2E-4B98-8644-94EE9415E389}.Release net45|x64.ActiveCfg = Release|Any CPU
		{0451BAEF-DF2E-4B98-8644-94EE9415E389}.Release net45|x64.Build.0 = Release|Any CPU
		{0451BAEF-DF2E-4B98-8644-94EE9415E389}.Release net45|x86.ActiveCfg = Release|Any CPU
		{0451BAEF-DF2E-4B98-8644-94EE9415E389}.Release net45|x86.Build.0 = Release|Any CPU
		{B0EA91B8-F121-40A4-9C7E-A80B5A9A03FE}.Debug|Any CPU.ActiveCfg = Debug|Any CPU
		{B0EA91B8-F121-40A4-9C7E-A80B5A9A03FE}.Debug|Any CPU.Build.0 = Debug|Any CPU
		{B0EA91B8-F121-40A4-9C7E-A80B5A9A03FE}.Debug|x64.ActiveCfg = Debug|Any CPU
		{B0EA91B8-F121-40A4-9C7E-A80B5A9A03FE}.Debug|x64.Build.0 = Debug|Any CPU
		{B0EA91B8-F121-40A4-9C7E-A80B5A9A03FE}.Debug|x86.ActiveCfg = Debug|Any CPU
		{B0EA91B8-F121-40A4-9C7E-A80B5A9A03FE}.Debug|x86.Build.0 = Debug|Any CPU
		{B0EA91B8-F121-40A4-9C7E-A80B5A9A03FE}.Nuget.PGCafeFramework.Publish|Any CPU.ActiveCfg = Release|Any CPU
		{B0EA91B8-F121-40A4-9C7E-A80B5A9A03FE}.Nuget.PGCafeFramework.Publish|Any CPU.Build.0 = Release|Any CPU
		{B0EA91B8-F121-40A4-9C7E-A80B5A9A03FE}.Nuget.PGCafeFramework.Publish|x64.ActiveCfg = Release|Any CPU
		{B0EA91B8-F121-40A4-9C7E-A80B5A9A03FE}.Nuget.PGCafeFramework.Publish|x64.Build.0 = Release|Any CPU
		{B0EA91B8-F121-40A4-9C7E-A80B5A9A03FE}.Nuget.PGCafeFramework.Publish|x86.ActiveCfg = Release|Any CPU
		{B0EA91B8-F121-40A4-9C7E-A80B5A9A03FE}.Nuget.PGCafeFramework.Publish|x86.Build.0 = Release|Any CPU
		{B0EA91B8-F121-40A4-9C7E-A80B5A9A03FE}.Release net40|Any CPU.ActiveCfg = Release|Any CPU
		{B0EA91B8-F121-40A4-9C7E-A80B5A9A03FE}.Release net40|Any CPU.Build.0 = Release|Any CPU
		{B0EA91B8-F121-40A4-9C7E-A80B5A9A03FE}.Release net40|x64.ActiveCfg = Release|Any CPU
		{B0EA91B8-F121-40A4-9C7E-A80B5A9A03FE}.Release net40|x64.Build.0 = Release|Any CPU
		{B0EA91B8-F121-40A4-9C7E-A80B5A9A03FE}.Release net40|x86.ActiveCfg = Release|Any CPU
		{B0EA91B8-F121-40A4-9C7E-A80B5A9A03FE}.Release net40|x86.Build.0 = Release|Any CPU
		{B0EA91B8-F121-40A4-9C7E-A80B5A9A03FE}.Release net45|Any CPU.ActiveCfg = Release|Any CPU
		{B0EA91B8-F121-40A4-9C7E-A80B5A9A03FE}.Release net45|Any CPU.Build.0 = Release|Any CPU
		{B0EA91B8-F121-40A4-9C7E-A80B5A9A03FE}.Release net45|x64.ActiveCfg = Release|Any CPU
		{B0EA91B8-F121-40A4-9C7E-A80B5A9A03FE}.Release net45|x64.Build.0 = Release|Any CPU
		{B0EA91B8-F121-40A4-9C7E-A80B5A9A03FE}.Release net45|x86.ActiveCfg = Release|Any CPU
		{B0EA91B8-F121-40A4-9C7E-A80B5A9A03FE}.Release net45|x86.Build.0 = Release|Any CPU
	EndGlobalSection
	GlobalSection(SolutionProperties) = preSolution
		HideSolutionNode = FALSE
	EndGlobalSection
	GlobalSection(ExtensibilityGlobals) = postSolution
		SolutionGuid = {8506C158-D528-4B58-82A7-2DCF9434E927}
	EndGlobalSection
EndGlobal
